
Microsoft Visual Studio Solution File, Format Version 12.00
# Visual Studio Version 17
VisualStudioVersion = 17.3.32922.545
MinimumVisualStudioVersion = 10.0.40219.1
Project("{FAE04EC0-301F-11D3-BF4B-00C04F79EFBC}") = "Construction", "Construction\Construction.csproj", "{2C1E8AE9-BB49-4FB0-BB1A-63B608DB8280}"
EndProject
Global
	GlobalSection(SolutionConfigurationPlatforms) = preSolution
		Debug|Any CPU = Debug|Any CPU
		Release|Any CPU = Release|Any CPU
	EndGlobalSection
	GlobalSection(ProjectConfigurationPlatforms) = postSolution
		{2C1E8AE9-BB49-4FB0-BB1A-63B608DB8280}.Debug|Any CPU.ActiveCfg = Debug|Any CPU
		{2C1E8AE9-BB49-4FB0-BB1A-63B608DB8280}.Debug|Any CPU.Build.0 = Debug|Any CPU
		{2C1E8AE9-BB49-4FB0-BB1A-63B608DB8280}.Release|Any CPU.ActiveCfg = Release|Any CPU
		{2C1E8AE9-BB49-4FB0-BB1A-63B608DB8280}.Release|Any CPU.Build.0 = Release|Any CPU
	EndGlobalSection
	GlobalSection(SolutionProperties) = preSolution
		HideSolutionNode = FALSE
	EndGlobalSection
	GlobalSection(ExtensibilityGlobals) = postSolution
		SolutionGuid = {2CB89689-EC07-463A-8BC0-0DDFE6CE4AD9}
	EndGlobalSection
EndGlobal
